
Microsoft Visual Studio Solution File, Format Version 12.00
# Visual Studio Version 17
VisualStudioVersion = 17.4.33205.214
MinimumVisualStudioVersion = 10.0.40219.1
Project("{9A19103F-16F7-4668-BE54-9A1E7A4F7556}") = "DroneDelivery", "DroneDelivery.csproj", "{F8962B5E-F7B1-4FEF-8CEE-291EF71B9E29}"
EndProject
Global
	GlobalSection(SolutionConfigurationPlatforms) = preSolution
		Debug|Any CPU = Debug|Any CPU
		Release|Any CPU = Release|Any CPU
	EndGlobalSection
	GlobalSection(ProjectConfigurationPlatforms) = postSolution
		{F8962B5E-F7B1-4FEF-8CEE-291EF71B9E29}.Debug|Any CPU.ActiveCfg = Debug|Any CPU
		{F8962B5E-F7B1-4FEF-8CEE-291EF71B9E29}.Debug|Any CPU.Build.0 = Debug|Any CPU
		{F8962B5E-F7B1-4FEF-8CEE-291EF71B9E29}.Release|Any CPU.ActiveCfg = Release|Any CPU
		{F8962B5E-F7B1-4FEF-8CEE-291EF71B9E29}.Release|Any CPU.Build.0 = Release|Any CPU
	EndGlobalSection
	GlobalSection(SolutionProperties) = preSolution
		HideSolutionNode = FALSE
	EndGlobalSection
	GlobalSection(ExtensibilityGlobals) = postSolution
		SolutionGuid = {F9A8CE07-8A1C-4787-B6F4-E8452FCA77B0}
	EndGlobalSection
EndGlobal
